
Microsoft Visual Studio Solution File, Format Version 12.00
# Visual Studio Version 17
VisualStudioVersion = 17.0.31903.59
MinimumVisualStudioVersion = 10.0.40219.1
Project("{2150E333-8FDC-42A3-9474-1A3956D46DE8}") = "src", "src", "{827E0CD3-B72D-47B6-A68D-7590B98EB39B}"
EndProject
Project("{FAE04EC0-301F-11D3-BF4B-00C04F79EFBC}") = "ScamAlert.Contracts", "src\ScamAlert.Contracts\ScamAlert.Contracts.csproj", "{B6A96A95-B670-44DB-8506-8254DCDBB591}"
EndProject
Project("{FAE04EC0-301F-11D3-BF4B-00C04F79EFBC}") = "ScamAlert.Core", "src\ScamAlert.Core\ScamAlert.Core.csproj", "{5DAE49B0-8BD0-4C19-B5B2-4D327FABF2A1}"
EndProject
Project("{FAE04EC0-301F-11D3-BF4B-00C04F79EFBC}") = "ScamAlert.Broker", "src\ScamAlert.Broker\ScamAlert.Broker.csproj", "{6241305A-8A33-414F-81FA-6B9E5A0189E6}"
EndProject
Project("{FAE04EC0-301F-11D3-BF4B-00C04F79EFBC}") = "ScamAlert.Tray", "src\ScamAlert.Tray\ScamAlert.Tray.csproj", "{41AC169A-E74A-48B6-B3D9-355605519118}"
EndProject
Project("{2150E333-8FDC-42A3-9474-1A3956D46DE8}") = "tools", "tools", "{07C2787E-EAC7-C090-1BA3-A61EC2A24D84}"
EndProject
Project("{FAE04EC0-301F-11D3-BF4B-00C04F79EFBC}") = "ScamAlert.DriverSimulator", "tools\ScamAlert.DriverSimulator\ScamAlert.DriverSimulator.csproj", "{592ECDC7-2B67-483E-9DA6-F2C832F3137B}"
EndProject
Project("{2150E333-8FDC-42A3-9474-1A3956D46DE8}") = "tests", "tests", "{0AB3BF05-4346-4AA6-1389-037BE0695223}"
EndProject
Project("{FAE04EC0-301F-11D3-BF4B-00C04F79EFBC}") = "ScamAlert.Core.Tests", "tests\ScamAlert.Core.Tests\ScamAlert.Core.Tests.csproj", "{EED6FFDC-1974-4C40-9C37-61202C45BACF}"
EndProject
Project("{FAE04EC0-301F-11D3-BF4B-00C04F79EFBC}") = "ScamAlert.Api", "src\ScamAlert.Api\ScamAlert.Api.csproj", "{4B766C6B-4FA4-4B96-8648-1C07D7167633}"
EndProject
Project("{FAE04EC0-301F-11D3-BF4B-00C04F79EFBC}") = "ScamAlert.Data", "src\ScamAlert.Data\ScamAlert.Data.csproj", "{3CD92F53-8EA9-490D-83EE-37A68D69D469}"
EndProject
Project("{FAE04EC0-301F-11D3-BF4B-00C04F79EFBC}") = "ScamAlert.Api.Tests", "tests\ScamAlert.Api.Tests\ScamAlert.Api.Tests.csproj", "{34B9483C-D509-4022-B43D-0768FB1C2E17}"
EndProject
Project("{FAE04EC0-301F-11D3-BF4B-00C04F79EFBC}") = "ScamAlert.Broker.Client", "src\ScamAlert.Broker.Client\ScamAlert.Broker.Client.csproj", "{74523527-C0A9-4E0B-AA69-8584052C7A6F}"
EndProject
Global
	GlobalSection(SolutionConfigurationPlatforms) = preSolution
		Debug|Any CPU = Debug|Any CPU
		Debug|x64 = Debug|x64
		Debug|x86 = Debug|x86
		Release|Any CPU = Release|Any CPU
		Release|x64 = Release|x64
		Release|x86 = Release|x86
	EndGlobalSection
	GlobalSection(ProjectConfigurationPlatforms) = postSolution
		{B6A96A95-B670-44DB-8506-8254DCDBB591}.Debug|Any CPU.ActiveCfg = Debug|Any CPU
		{B6A96A95-B670-44DB-8506-8254DCDBB591}.Debug|Any CPU.Build.0 = Debug|Any CPU
		{B6A96A95-B670-44DB-8506-8254DCDBB591}.Debug|x64.ActiveCfg = Debug|Any CPU
		{B6A96A95-B670-44DB-8506-8254DCDBB591}.Debug|x64.Build.0 = Debug|Any CPU
		{B6A96A95-B670-44DB-8506-8254DCDBB591}.Debug|x86.ActiveCfg = Debug|Any CPU
		{B6A96A95-B670-44DB-8506-8254DCDBB591}.Debug|x86.Build.0 = Debug|Any CPU
		{B6A96A95-B670-44DB-8506-8254DCDBB591}.Release|Any CPU.ActiveCfg = Release|Any CPU
		{B6A96A95-B670-44DB-8506-8254DCDBB591}.Release|Any CPU.Build.0 = Release|Any CPU
		{B6A96A95-B670-44DB-8506-8254DCDBB591}.Release|x64.ActiveCfg = Release|Any CPU
		{B6A96A95-B670-44DB-8506-8254DCDBB591}.Release|x64.Build.0 = Release|Any CPU
		{B6A96A95-B670-44DB-8506-8254DCDBB591}.Release|x86.ActiveCfg = Release|Any CPU
		{B6A96A95-B670-44DB-8506-8254DCDBB591}.Release|x86.Build.0 = Release|Any CPU
		{5DAE49B0-8BD0-4C19-B5B2-4D327FABF2A1}.Debug|Any CPU.ActiveCfg = Debug|Any CPU
		{5DAE49B0-8BD0-4C19-B5B2-4D327FABF2A1}.Debug|Any CPU.Build.0 = Debug|Any CPU
		{5DAE49B0-8BD0-4C19-B5B2-4D327FABF2A1}.Debug|x64.ActiveCfg = Debug|Any CPU
		{5DAE49B0-8BD0-4C19-B5B2-4D327FABF2A1}.Debug|x64.Build.0 = Debug|Any CPU
		{5DAE49B0-8BD0-4C19-B5B2-4D327FABF2A1}.Debug|x86.ActiveCfg = Debug|Any CPU
		{5DAE49B0-8BD0-4C19-B5B2-4D327FABF2A1}.Debug|x86.Build.0 = Debug|Any CPU
		{5DAE49B0-8BD0-4C19-B5B2-4D327FABF2A1}.Release|Any CPU.ActiveCfg = Release|Any CPU
		{5DAE49B0-8BD0-4C19-B5B2-4D327FABF2A1}.Release|Any CPU.Build.0 = Release|Any CPU
		{5DAE49B0-8BD0-4C19-B5B2-4D327FABF2A1}.Release|x64.ActiveCfg = Release|Any CPU
		{5DAE49B0-8BD0-4C19-B5B2-4D327FABF2A1}.Release|x64.Build.0 = Release|Any CPU
		{5DAE49B0-8BD0-4C19-B5B2-4D327FABF2A1}.Release|x86.ActiveCfg = Release|Any CPU
		{5DAE49B0-8BD0-4C19-B5B2-4D327FABF2A1}.Release|x86.Build.0 = Release|Any CPU
		{6241305A-8A33-414F-81FA-6B9E5A0189E6}.Debug|Any CPU.ActiveCfg = Debug|Any CPU
		{6241305A-8A33-414F-81FA-6B9E5A0189E6}.Debug|Any CPU.Build.0 = Debug|Any CPU
		{6241305A-8A33-414F-81FA-6B9E5A0189E6}.Debug|x64.ActiveCfg = Debug|Any CPU
		{6241305A-8A33-414F-81FA-6B9E5A0189E6}.Debug|x64.Build.0 = Debug|Any CPU
		{6241305A-8A33-414F-81FA-6B9E5A0189E6}.Debug|x86.ActiveCfg = Debug|Any CPU
		{6241305A-8A33-414F-81FA-6B9E5A0189E6}.Debug|x86.Build.0 = Debug|Any CPU
		{6241305A-8A33-414F-81FA-6B9E5A0189E6}.Release|Any CPU.ActiveCfg = Release|Any CPU
		{6241305A-8A33-414F-81FA-6B9E5A0189E6}.Release|Any CPU.Build.0 = Release|Any CPU
		{6241305A-8A33-414F-81FA-6B9E5A0189E6}.Release|x64.ActiveCfg = Release|Any CPU
		{6241305A-8A33-414F-81FA-6B9E5A0189E6}.Release|x64.Build.0 = Release|Any CPU
		{6241305A-8A33-414F-81FA-6B9E5A0189E6}.Release|x86.ActiveCfg = Release|Any CPU
		{6241305A-8A33-414F-81FA-6B9E5A0189E6}.Release|x86.Build.0 = Release|Any CPU
		{41AC169A-E74A-48B6-B3D9-355605519118}.Debug|Any CPU.ActiveCfg = Debug|Any CPU
		{41AC169A-E74A-48B6-B3D9-355605519118}.Debug|Any CPU.Build.0 = Debug|Any CPU
		{41AC169A-E74A-48B6-B3D9-355605519118}.Debug|x64.ActiveCfg = Debug|Any CPU
		{41AC169A-E74A-48B6-B3D9-355605519118}.Debug|x64.Build.0 = Debug|Any CPU
		{41AC169A-E74A-48B6-B3D9-355605519118}.Debug|x86.ActiveCfg = Debug|Any CPU
		{41AC169A-E74A-48B6-B3D9-355605519118}.Debug|x86.Build.0 = Debug|Any CPU
		{41AC169A-E74A-48B6-B3D9-355605519118}.Release|Any CPU.ActiveCfg = Release|Any CPU
		{41AC169A-E74A-48B6-B3D9-355605519118}.Release|Any CPU.Build.0 = Release|Any CPU
		{41AC169A-E74A-48B6-B3D9-355605519118}.Release|x64.ActiveCfg = Release|Any CPU
		{41AC169A-E74A-48B6-B3D9-355605519118}.Release|x64.Build.0 = Release|Any CPU
		{41AC169A-E74A-48B6-B3D9-355605519118}.Release|x86.ActiveCfg = Release|Any CPU
		{41AC169A-E74A-48B6-B3D9-355605519118}.Release|x86.Build.0 = Release|Any CPU
		{592ECDC7-2B67-483E-9DA6-F2C832F3137B}.Debug|Any CPU.ActiveCfg = Debug|Any CPU
		{592ECDC7-2B67-483E-9DA6-F2C832F3137B}.Debug|Any CPU.Build.0 = Debug|Any CPU
		{592ECDC7-2B67-483E-9DA6-F2C832F3137B}.Debug|x64.ActiveCfg = Debug|Any CPU
		{592ECDC7-2B67-483E-9DA6-F2C832F3137B}.Debug|x64.Build.0 = Debug|Any CPU
		{592ECDC7-2B67-483E-9DA6-F2C832F3137B}.Debug|x86.ActiveCfg = Debug|Any CPU
		{592ECDC7-2B67-483E-9DA6-F2C832F3137B}.Debug|x86.Build.0 = Debug|Any CPU
		{592ECDC7-2B67-483E-9DA6-F2C832F3137B}.Release|Any CPU.ActiveCfg = Release|Any CPU
		{592ECDC7-2B67-483E-9DA6-F2C832F3137B}.Release|Any CPU.Build.0 = Release|Any CPU
		{592ECDC7-2B67-483E-9DA6-F2C832F3137B}.Release|x64.ActiveCfg = Release|Any CPU
		{592ECDC7-2B67-483E-9DA6-F2C832F3137B}.Release|x64.Build.0 = Release|Any CPU
		{592ECDC7-2B67-483E-9DA6-F2C832F3137B}.Release|x86.ActiveCfg = Release|Any CPU
		{592ECDC7-2B67-483E-9DA6-F2C832F3137B}.Release|x86.Build.0 = Release|Any CPU
		{EED6FFDC-1974-4C40-9C37-61202C45BACF}.Debug|Any CPU.ActiveCfg = Debug|Any CPU
		{EED6FFDC-1974-4C40-9C37-61202C45BACF}.Debug|Any CPU.Build.0 = Debug|Any CPU
		{EED6FFDC-1974-4C40-9C37-61202C45BACF}.Debug|x64.ActiveCfg = Debug|Any CPU
		{EED6FFDC-1974-4C40-9C37-61202C45BACF}.Debug|x64.Build.0 = Debug|Any CPU
		{EED6FFDC-1974-4C40-9C37-61202C45BACF}.Debug|x86.ActiveCfg = Debug|Any CPU
		{EED6FFDC-1974-4C40-9C37-61202C45BACF}.Debug|x86.Build.0 = Debug|Any CPU
		{EED6FFDC-1974-4C40-9C37-61202C45BACF}.Release|Any CPU.ActiveCfg = Release|Any CPU
		{EED6FFDC-1974-4C40-9C37-61202C45BACF}.Release|Any CPU.Build.0 = Release|Any CPU
		{EED6FFDC-1974-4C40-9C37-61202C45BACF}.Release|x64.ActiveCfg = Release|Any CPU
		{EED6FFDC-1974-4C40-9C37-61202C45BACF}.Release|x64.Build.0 = Release|Any CPU
		{EED6FFDC-1974-4C40-9C37-61202C45BACF}.Release|x86.ActiveCfg = Release|Any CPU
		{EED6FFDC-1974-4C40-9C37-61202C45BACF}.Release|x86.Build.0 = Release|Any CPU
		{4B766C6B-4FA4-4B96-8648-1C07D7167633}.Debug|Any CPU.ActiveCfg = Debug|Any CPU
		{4B766C6B-4FA4-4B96-8648-1C07D7167633}.Debug|Any CPU.Build.0 = Debug|Any CPU
		{4B766C6B-4FA4-4B96-8648-1C07D7167633}.Debug|x64.ActiveCfg = Debug|Any CPU
		{4B766C6B-4FA4-4B96-8648-1C07D7167633}.Debug|x64.Build.0 = Debug|Any CPU
		{4B766C6B-4FA4-4B96-8648-1C07D7167633}.Debug|x86.ActiveCfg = Debug|Any CPU
		{4B766C6B-4FA4-4B96-8648-1C07D7167633}.Debug|x86.Build.0 = Debug|Any CPU
		{4B766C6B-4FA4-4B96-8648-1C07D7167633}.Release|Any CPU.ActiveCfg = Release|Any CPU
		{4B766C6B-4FA4-4B96-8648-1C07D7167633}.Release|Any CPU.Build.0 = Release|Any CPU
		{4B766C6B-4FA4-4B96-8648-1C07D7167633}.Release|x64.ActiveCfg = Release|Any CPU
		{4B766C6B-4FA4-4B96-8648-1C07D7167633}.Release|x64.Build.0 = Release|Any CPU
		{4B766C6B-4FA4-4B96-8648-1C07D7167633}.Release|x86.ActiveCfg = Release|Any CPU
		{4B766C6B-4FA4-4B96-8648-1C07D7167633}.Release|x86.Build.0 = Release|Any CPU
		{3CD92F53-8EA9-490D-83EE-37A68D69D469}.Debug|Any CPU.ActiveCfg = Debug|Any CPU
		{3CD92F53-8EA9-490D-83EE-37A68D69D469}.Debug|Any CPU.Build.0 = Debug|Any CPU
		{3CD92F53-8EA9-490D-83EE-37A68D69D469}.Debug|x64.ActiveCfg = Debug|Any CPU
		{3CD92F53-8EA9-490D-83EE-37A68D69D469}.Debug|x64.Build.0 = Debug|Any CPU
		{3CD92F53-8EA9-490D-83EE-37A68D69D469}.Debug|x86.ActiveCfg = Debug|Any CPU
		{3CD92F53-8EA9-490D-83EE-37A68D69D469}.Debug|x86.Build.0 = Debug|Any CPU
		{3CD92F53-8EA9-490D-83EE-37A68D69D469}.Release|Any CPU.ActiveCfg = Release|Any CPU
		{3CD92F53-8EA9-490D-83EE-37A68D69D469}.Release|Any CPU.Build.0 = Release|Any CPU
		{3CD92F53-8EA9-490D-83EE-37A68D69D469}.Release|x64.ActiveCfg = Release|Any CPU
		{3CD92F53-8EA9-490D-83EE-37A68D69D469}.Release|x64.Build.0 = Release|Any CPU
		{3CD92F53-8EA9-490D-83EE-37A68D69D469}.Release|x86.ActiveCfg = Release|Any CPU
		{3CD92F53-8EA9-490D-83EE-37A68D69D469}.Release|x86.Build.0 = Release|Any CPU
		{34B9483C-D509-4022-B43D-0768FB1C2E17}.Debug|Any CPU.ActiveCfg = Debug|Any CPU
		{34B9483C-D509-4022-B43D-0768FB1C2E17}.Debug|Any CPU.Build.0 = Debug|Any CPU
		{34B9483C-D509-4022-B43D-0768FB1C2E17}.Debug|x64.ActiveCfg = Debug|Any CPU
		{34B9483C-D509-4022-B43D-0768FB1C2E17}.Debug|x64.Build.0 = Debug|Any CPU
		{34B9483C-D509-4022-B43D-0768FB1C2E17}.Debug|x86.ActiveCfg = Debug|Any CPU
		{34B9483C-D509-4022-B43D-0768FB1C2E17}.Debug|x86.Build.0 = Debug|Any CPU
		{34B9483C-D509-4022-B43D-0768FB1C2E17}.Release|Any CPU.ActiveCfg = Release|Any CPU
		{34B9483C-D509-4022-B43D-0768FB1C2E17}.Release|Any CPU.Build.0 = Release|Any CPU
		{34B9483C-D509-4022-B43D-0768FB1C2E17}.Release|x64.ActiveCfg = Release|Any CPU
		{34B9483C-D509-4022-B43D-0768FB1C2E17}.Release|x64.Build.0 = Release|Any CPU
		{34B9483C-D509-4022-B43D-0768FB1C2E17}.Release|x86.ActiveCfg = Release|Any CPU
		{34B9483C-D509-4022-B43D-0768FB1C2E17}.Release|x86.Build.0 = Release|Any CPU
		{74523527-C0A9-4E0B-AA69-8584052C7A6F}.Debug|Any CPU.ActiveCfg = Debug|Any CPU
		{74523527-C0A9-4E0B-AA69-8584052C7A6F}.Debug|Any CPU.Build.0 = Debug|Any CPU
		{74523527-C0A9-4E0B-AA69-8584052C7A6F}.Debug|x64.ActiveCfg = Debug|Any CPU
		{74523527-C0A9-4E0B-AA69-8584052C7A6F}.Debug|x64.Build.0 = Debug|Any CPU
		{74523527-C0A9-4E0B-AA69-8584052C7A6F}.Debug|x86.ActiveCfg = Debug|Any CPU
		{74523527-C0A9-4E0B-AA69-8584052C7A6F}.Debug|x86.Build.0 = Debug|Any CPU
		{74523527-C0A9-4E0B-AA69-8584052C7A6F}.Release|Any CPU.ActiveCfg = Release|Any CPU
		{74523527-C0A9-4E0B-AA69-8584052C7A6F}.Release|Any CPU.Build.0 = Release|Any CPU
		{74523527-C0A9-4E0B-AA69-8584052C7A6F}.Release|x64.ActiveCfg = Release|Any CPU
		{74523527-C0A9-4E0B-AA69-8584052C7A6F}.Release|x64.Build.0 = Release|Any CPU
		{74523527-C0A9-4E0B-AA69-8584052C7A6F}.Release|x86.ActiveCfg = Release|Any CPU
		{74523527-C0A9-4E0B-AA69-8584052C7A6F}.Release|x86.Build.0 = Release|Any CPU
	EndGlobalSection
	GlobalSection(SolutionProperties) = preSolution
		HideSolutionNode = FALSE
	EndGlobalSection
	GlobalSection(NestedProjects) = preSolution
		{B6A96A95-B670-44DB-8506-8254DCDBB591} = {827E0CD3-B72D-47B6-A68D-7590B98EB39B}
		{5DAE49B0-8BD0-4C19-B5B2-4D327FABF2A1} = {827E0CD3-B72D-47B6-A68D-7590B98EB39B}
		{6241305A-8A33-414F-81FA-6B9E5A0189E6} = {827E0CD3-B72D-47B6-A68D-7590B98EB39B}
		{41AC169A-E74A-48B6-B3D9-355605519118} = {827E0CD3-B72D-47B6-A68D-7590B98EB39B}
		{592ECDC7-2B67-483E-9DA6-F2C832F3137B} = {07C2787E-EAC7-C090-1BA3-A61EC2A24D84}
		{EED6FFDC-1974-4C40-9C37-61202C45BACF} = {0AB3BF05-4346-4AA6-1389-037BE0695223}
		{4B766C6B-4FA4-4B96-8648-1C07D7167633} = {827E0CD3-B72D-47B6-A68D-7590B98EB39B}
		{3CD92F53-8EA9-490D-83EE-37A68D69D469} = {827E0CD3-B72D-47B6-A68D-7590B98EB39B}
		{34B9483C-D509-4022-B43D-0768FB1C2E17} = {0AB3BF05-4346-4AA6-1389-037BE0695223}
		{74523527-C0A9-4E0B-AA69-8584052C7A6F} = {827E0CD3-B72D-47B6-A68D-7590B98EB39B}
	EndGlobalSection
EndGlobal
